// !$*UTF8*$!
{
	archiveVersion = 1;
	classes = {
	};
	objectVersion = 50;
	objects = {

/* Begin PBXBuildFile section */
		912B3C26230B38C700BD0FBB /* PersonRowView.swift in Sources */ = {isa = PBXBuildFile; fileRef = 912B3C25230B38C700BD0FBB /* PersonRowView.swift */; };
		9197DAFE2307461A00E25F19 /* CoordinatorCombined WatchKit App.app in Embed Watch Content */ = {isa = PBXBuildFile; fileRef = 9197DAFD2307461A00E25F19 /* CoordinatorCombined WatchKit App.app */; settings = {ATTRIBUTES = (RemoveHeadersOnCopy, ); }; };
		9197DB042307461A00E25F19 /* Interface.storyboard in Resources */ = {isa = PBXBuildFile; fileRef = 9197DB022307461A00E25F19 /* Interface.storyboard */; };
		9197DB062307461E00E25F19 /* Assets.xcassets in Resources */ = {isa = PBXBuildFile; fileRef = 9197DB052307461E00E25F19 /* Assets.xcassets */; };
		9197DB0D2307461E00E25F19 /* CoordinatorCombined WatchKit Extension.appex in Embed App Extensions */ = {isa = PBXBuildFile; fileRef = 9197DB0C2307461E00E25F19 /* CoordinatorCombined WatchKit Extension.appex */; settings = {ATTRIBUTES = (RemoveHeadersOnCopy, ); }; };
		9197DB122307461E00E25F19 /* ApplicationView.swift in Sources */ = {isa = PBXBuildFile; fileRef = 9197DB112307461E00E25F19 /* ApplicationView.swift */; };
		9197DB142307461E00E25F19 /* HostingController.swift in Sources */ = {isa = PBXBuildFile; fileRef = 9197DB132307461E00E25F19 /* HostingController.swift */; };
		9197DB162307461E00E25F19 /* ExtensionDelegate.swift in Sources */ = {isa = PBXBuildFile; fileRef = 9197DB152307461E00E25F19 /* ExtensionDelegate.swift */; };
		9197DB182307461F00E25F19 /* Assets.xcassets in Resources */ = {isa = PBXBuildFile; fileRef = 9197DB172307461F00E25F19 /* Assets.xcassets */; };
		9197DB1B2307461F00E25F19 /* Preview Assets.xcassets in Resources */ = {isa = PBXBuildFile; fileRef = 9197DB1A2307461F00E25F19 /* Preview Assets.xcassets */; };
		9197DB2C2307475D00E25F19 /* ApplicationCoordinator.swift in Sources */ = {isa = PBXBuildFile; fileRef = 9197DB2B2307475D00E25F19 /* ApplicationCoordinator.swift */; };
		91A0266B23077A0900E76477 /* View+Convertion.swift in Sources */ = {isa = PBXBuildFile; fileRef = 91A0266A23077A0900E76477 /* View+Convertion.swift */; };
		91F253E4230829B5002230D6 /* AuthenticationView.swift in Sources */ = {isa = PBXBuildFile; fileRef = 91F253E3230829B5002230D6 /* AuthenticationView.swift */; };
		91F253E6230829C3002230D6 /* UserProfileView.swift in Sources */ = {isa = PBXBuildFile; fileRef = 91F253E5230829C3002230D6 /* UserProfileView.swift */; };
		91F253E8230829D0002230D6 /* MyProfileView.swift in Sources */ = {isa = PBXBuildFile; fileRef = 91F253E7230829D0002230D6 /* MyProfileView.swift */; };
/* End PBXBuildFile section */

/* Begin PBXContainerItemProxy section */
		9197DAFF2307461A00E25F19 /* PBXContainerItemProxy */ = {
			isa = PBXContainerItemProxy;
			containerPortal = 9197DAF32307461A00E25F19 /* Project object */;
			proxyType = 1;
			remoteGlobalIDString = 9197DAFC2307461A00E25F19;
			remoteInfo = "CoordinatorCombined WatchKit App";
		};
		9197DB0E2307461E00E25F19 /* PBXContainerItemProxy */ = {
			isa = PBXContainerItemProxy;
			containerPortal = 9197DAF32307461A00E25F19 /* Project object */;
			proxyType = 1;
			remoteGlobalIDString = 9197DB0B2307461E00E25F19;
			remoteInfo = "CoordinatorCombined WatchKit Extension";
		};
/* End PBXContainerItemProxy section */

/* Begin PBXCopyFilesBuildPhase section */
		9197DB222307461F00E25F19 /* Embed App Extensions */ = {
			isa = PBXCopyFilesBuildPhase;
			buildActionMask = 2147483647;
			dstPath = "";
			dstSubfolderSpec = 13;
			files = (
				9197DB0D2307461E00E25F19 /* CoordinatorCombined WatchKit Extension.appex in Embed App Extensions */,
			);
			name = "Embed App Extensions";
			runOnlyForDeploymentPostprocessing = 0;
		};
		9197DB262307461F00E25F19 /* Embed Watch Content */ = {
			isa = PBXCopyFilesBuildPhase;
			buildActionMask = 2147483647;
			dstPath = "$(CONTENTS_FOLDER_PATH)/Watch";
			dstSubfolderSpec = 16;
			files = (
				9197DAFE2307461A00E25F19 /* CoordinatorCombined WatchKit App.app in Embed Watch Content */,
			);
			name = "Embed Watch Content";
			runOnlyForDeploymentPostprocessing = 0;
		};
/* End PBXCopyFilesBuildPhase section */

/* Begin PBXFileReference section */
		912B3C25230B38C700BD0FBB /* PersonRowView.swift */ = {isa = PBXFileReference; lastKnownFileType = sourcecode.swift; path = PersonRowView.swift; sourceTree = "<group>"; };
		9197DAF92307461A00E25F19 /* CoordinatorCombined.app */ = {isa = PBXFileReference; explicitFileType = wrapper.application; includeInIndex = 0; path = CoordinatorCombined.app; sourceTree = BUILT_PRODUCTS_DIR; };
		9197DAFD2307461A00E25F19 /* CoordinatorCombined WatchKit App.app */ = {isa = PBXFileReference; explicitFileType = wrapper.application; includeInIndex = 0; path = "CoordinatorCombined WatchKit App.app"; sourceTree = BUILT_PRODUCTS_DIR; };
		9197DB032307461A00E25F19 /* Base */ = {isa = PBXFileReference; lastKnownFileType = file.storyboard; name = Base; path = Base.lproj/Interface.storyboard; sourceTree = "<group>"; };
		9197DB052307461E00E25F19 /* Assets.xcassets */ = {isa = PBXFileReference; lastKnownFileType = folder.assetcatalog; path = Assets.xcassets; sourceTree = "<group>"; };
		9197DB072307461E00E25F19 /* Info.plist */ = {isa = PBXFileReference; lastKnownFileType = text.plist.xml; path = Info.plist; sourceTree = "<group>"; };
		9197DB0C2307461E00E25F19 /* CoordinatorCombined WatchKit Extension.appex */ = {isa = PBXFileReference; explicitFileType = "wrapper.app-extension"; includeInIndex = 0; path = "CoordinatorCombined WatchKit Extension.appex"; sourceTree = BUILT_PRODUCTS_DIR; };
		9197DB112307461E00E25F19 /* ApplicationView.swift */ = {isa = PBXFileReference; lastKnownFileType = sourcecode.swift; path = ApplicationView.swift; sourceTree = "<group>"; };
		9197DB132307461E00E25F19 /* HostingController.swift */ = {isa = PBXFileReference; lastKnownFileType = sourcecode.swift; path = HostingController.swift; sourceTree = "<group>"; };
		9197DB152307461E00E25F19 /* ExtensionDelegate.swift */ = {isa = PBXFileReference; lastKnownFileType = sourcecode.swift; path = ExtensionDelegate.swift; sourceTree = "<group>"; };
		9197DB172307461F00E25F19 /* Assets.xcassets */ = {isa = PBXFileReference; lastKnownFileType = folder.assetcatalog; path = Assets.xcassets; sourceTree = "<group>"; };
		9197DB1A2307461F00E25F19 /* Preview Assets.xcassets */ = {isa = PBXFileReference; lastKnownFileType = folder.assetcatalog; path = "Preview Assets.xcassets"; sourceTree = "<group>"; };
		9197DB1C2307461F00E25F19 /* Info.plist */ = {isa = PBXFileReference; lastKnownFileType = text.plist.xml; path = Info.plist; sourceTree = "<group>"; };
		9197DB2B2307475D00E25F19 /* ApplicationCoordinator.swift */ = {isa = PBXFileReference; lastKnownFileType = sourcecode.swift; path = ApplicationCoordinator.swift; sourceTree = "<group>"; };
		91A0266A23077A0900E76477 /* View+Convertion.swift */ = {isa = PBXFileReference; lastKnownFileType = sourcecode.swift; path = "View+Convertion.swift"; sourceTree = "<group>"; };
		91F253E3230829B5002230D6 /* AuthenticationView.swift */ = {isa = PBXFileReference; lastKnownFileType = sourcecode.swift; path = AuthenticationView.swift; sourceTree = "<group>"; };
		91F253E5230829C3002230D6 /* UserProfileView.swift */ = {isa = PBXFileReference; lastKnownFileType = sourcecode.swift; path = UserProfileView.swift; sourceTree = "<group>"; };
		91F253E7230829D0002230D6 /* MyProfileView.swift */ = {isa = PBXFileReference; lastKnownFileType = sourcecode.swift; path = MyProfileView.swift; sourceTree = "<group>"; };
/* End PBXFileReference section */

/* Begin PBXFrameworksBuildPhase section */
		9197DB092307461E00E25F19 /* Frameworks */ = {
			isa = PBXFrameworksBuildPhase;
			buildActionMask = 2147483647;
			files = (
			);
			runOnlyForDeploymentPostprocessing = 0;
		};
/* End PBXFrameworksBuildPhase section */

/* Begin PBXGroup section */
		9197DAF22307461A00E25F19 = {
			isa = PBXGroup;
			children = (
				9197DB012307461A00E25F19 /* CoordinatorCombined WatchKit App */,
				9197DB102307461E00E25F19 /* CoordinatorCombined WatchKit Extension */,
				9197DAFA2307461A00E25F19 /* Products */,
			);
			sourceTree = "<group>";
		};
		9197DAFA2307461A00E25F19 /* Products */ = {
			isa = PBXGroup;
			children = (
				9197DAF92307461A00E25F19 /* CoordinatorCombined.app */,
				9197DAFD2307461A00E25F19 /* CoordinatorCombined WatchKit App.app */,
				9197DB0C2307461E00E25F19 /* CoordinatorCombined WatchKit Extension.appex */,
			);
			name = Products;
			sourceTree = "<group>";
		};
		9197DB012307461A00E25F19 /* CoordinatorCombined WatchKit App */ = {
			isa = PBXGroup;
			children = (
				9197DB022307461A00E25F19 /* Interface.storyboard */,
				9197DB052307461E00E25F19 /* Assets.xcassets */,
				9197DB072307461E00E25F19 /* Info.plist */,
			);
			path = "CoordinatorCombined WatchKit App";
			sourceTree = "<group>";
		};
		9197DB102307461E00E25F19 /* CoordinatorCombined WatchKit Extension */ = {
			isa = PBXGroup;
			children = (
				9197DB172307461F00E25F19 /* Assets.xcassets */,
				9197DB152307461E00E25F19 /* ExtensionDelegate.swift */,
				91B0387B2308198C0051667F /* Flow */,
				9197DB1C2307461F00E25F19 /* Info.plist */,
				9197DB192307461F00E25F19 /* Preview Content */,
				91A0266A23077A0900E76477 /* View+Convertion.swift */,
			);
			path = "CoordinatorCombined WatchKit Extension";
			sourceTree = "<group>";
		};
		9197DB192307461F00E25F19 /* Preview Content */ = {
			isa = PBXGroup;
			children = (
				9197DB1A2307461F00E25F19 /* Preview Assets.xcassets */,
			);
			path = "Preview Content";
			sourceTree = "<group>";
		};
		91B0387B2308198C0051667F /* Flow */ = {
			isa = PBXGroup;
			children = (
				9197DB132307461E00E25F19 /* HostingController.swift */,
				9197DB2B2307475D00E25F19 /* ApplicationCoordinator.swift */,
				9197DB112307461E00E25F19 /* ApplicationView.swift */,
				91F253E3230829B5002230D6 /* AuthenticationView.swift */,
				91F253E7230829D0002230D6 /* MyProfileView.swift */,
				912B3C25230B38C700BD0FBB /* PersonRowView.swift */,
				91F253E5230829C3002230D6 /* UserProfileView.swift */,
			);
			path = Flow;
			sourceTree = "<group>";
		};
/* End PBXGroup section */

/* Begin PBXNativeTarget section */
		9197DAF82307461A00E25F19 /* CoordinatorCombined */ = {
			isa = PBXNativeTarget;
			buildConfigurationList = 9197DB272307461F00E25F19 /* Build configuration list for PBXNativeTarget "CoordinatorCombined" */;
			buildPhases = (
				9197DAF72307461A00E25F19 /* Resources */,
				9197DB262307461F00E25F19 /* Embed Watch Content */,
			);
			buildRules = (
			);
			dependencies = (
				9197DB002307461A00E25F19 /* PBXTargetDependency */,
			);
			name = CoordinatorCombined;
			productName = CoordinatorCombined;
			productReference = 9197DAF92307461A00E25F19 /* CoordinatorCombined.app */;
			productType = "com.apple.product-type.application.watchapp2-container";
		};
		9197DAFC2307461A00E25F19 /* CoordinatorCombined WatchKit App */ = {
			isa = PBXNativeTarget;
			buildConfigurationList = 9197DB232307461F00E25F19 /* Build configuration list for PBXNativeTarget "CoordinatorCombined WatchKit App" */;
			buildPhases = (
				9197DAFB2307461A00E25F19 /* Resources */,
				9197DB222307461F00E25F19 /* Embed App Extensions */,
			);
			buildRules = (
			);
			dependencies = (
				9197DB0F2307461E00E25F19 /* PBXTargetDependency */,
			);
			name = "CoordinatorCombined WatchKit App";
			productName = "CoordinatorCombined WatchKit App";
			productReference = 9197DAFD2307461A00E25F19 /* CoordinatorCombined WatchKit App.app */;
			productType = "com.apple.product-type.application.watchapp2";
		};
		9197DB0B2307461E00E25F19 /* CoordinatorCombined WatchKit Extension */ = {
			isa = PBXNativeTarget;
			buildConfigurationList = 9197DB1F2307461F00E25F19 /* Build configuration list for PBXNativeTarget "CoordinatorCombined WatchKit Extension" */;
			buildPhases = (
				9197DB082307461E00E25F19 /* Sources */,
				9197DB092307461E00E25F19 /* Frameworks */,
				9197DB0A2307461E00E25F19 /* Resources */,
			);
			buildRules = (
			);
			dependencies = (
			);
			name = "CoordinatorCombined WatchKit Extension";
			productName = "CoordinatorCombined WatchKit Extension";
			productReference = 9197DB0C2307461E00E25F19 /* CoordinatorCombined WatchKit Extension.appex */;
			productType = "com.apple.product-type.watchkit2-extension";
		};
/* End PBXNativeTarget section */

/* Begin PBXProject section */
		9197DAF32307461A00E25F19 /* Project object */ = {
			isa = PBXProject;
			attributes = {
				LastSwiftUpdateCheck = 1100;
				LastUpgradeCheck = 1100;
				ORGANIZATIONNAME = "eGym GmbH";
				TargetAttributes = {
					9197DAF82307461A00E25F19 = {
						CreatedOnToolsVersion = 11.0;
					};
					9197DAFC2307461A00E25F19 = {
						CreatedOnToolsVersion = 11.0;
					};
					9197DB0B2307461E00E25F19 = {
						CreatedOnToolsVersion = 11.0;
					};
				};
			};
			buildConfigurationList = 9197DAF62307461A00E25F19 /* Build configuration list for PBXProject "CoordinatorCombined" */;
			compatibilityVersion = "Xcode 9.3";
			developmentRegion = en;
			hasScannedForEncodings = 0;
			knownRegions = (
				en,
				Base,
			);
			mainGroup = 9197DAF22307461A00E25F19;
			productRefGroup = 9197DAFA2307461A00E25F19 /* Products */;
			projectDirPath = "";
			projectRoot = "";
			targets = (
				9197DAF82307461A00E25F19 /* CoordinatorCombined */,
				9197DAFC2307461A00E25F19 /* CoordinatorCombined WatchKit App */,
				9197DB0B2307461E00E25F19 /* CoordinatorCombined WatchKit Extension */,
			);
		};
/* End PBXProject section */

/* Begin PBXResourcesBuildPhase section */
		9197DAF72307461A00E25F19 /* Resources */ = {
			isa = PBXResourcesBuildPhase;
			buildActionMask = 2147483647;
			files = (
			);
			runOnlyForDeploymentPostprocessing = 0;
		};
		9197DAFB2307461A00E25F19 /* Resources */ = {
			isa = PBXResourcesBuildPhase;
			buildActionMask = 2147483647;
			files = (
				9197DB062307461E00E25F19 /* Assets.xcassets in Resources */,
				9197DB042307461A00E25F19 /* Interface.storyboard in Resources */,
			);
			runOnlyForDeploymentPostprocessing = 0;
		};
		9197DB0A2307461E00E25F19 /* Resources */ = {
			isa = PBXResourcesBuildPhase;
			buildActionMask = 2147483647;
			files = (
				9197DB1B2307461F00E25F19 /* Preview Assets.xcassets in Resources */,
				9197DB182307461F00E25F19 /* Assets.xcassets in Resources */,
			);
			runOnlyForDeploymentPostprocessing = 0;
		};
/* End PBXResourcesBuildPhase section */

/* Begin PBXSourcesBuildPhase section */
		9197DB082307461E00E25F19 /* Sources */ = {
			isa = PBXSourcesBuildPhase;
			buildActionMask = 2147483647;
			files = (
				91F253E8230829D0002230D6 /* MyProfileView.swift in Sources */,
				91F253E6230829C3002230D6 /* UserProfileView.swift in Sources */,
				9197DB142307461E00E25F19 /* HostingController.swift in Sources */,
				91A0266B23077A0900E76477 /* View+Convertion.swift in Sources */,
				91F253E4230829B5002230D6 /* AuthenticationView.swift in Sources */,
				9197DB122307461E00E25F19 /* ApplicationView.swift in Sources */,
				9197DB162307461E00E25F19 /* ExtensionDelegate.swift in Sources */,
				912B3C26230B38C700BD0FBB /* PersonRowView.swift in Sources */,
				9197DB2C2307475D00E25F19 /* ApplicationCoordinator.swift in Sources */,
			);
			runOnlyForDeploymentPostprocessing = 0;
		};
/* End PBXSourcesBuildPhase section */

/* Begin PBXTargetDependency section */
		9197DB002307461A00E25F19 /* PBXTargetDependency */ = {
			isa = PBXTargetDependency;
			target = 9197DAFC2307461A00E25F19 /* CoordinatorCombined WatchKit App */;
			targetProxy = 9197DAFF2307461A00E25F19 /* PBXContainerItemProxy */;
		};
		9197DB0F2307461E00E25F19 /* PBXTargetDependency */ = {
			isa = PBXTargetDependency;
			target = 9197DB0B2307461E00E25F19 /* CoordinatorCombined WatchKit Extension */;
			targetProxy = 9197DB0E2307461E00E25F19 /* PBXContainerItemProxy */;
		};
/* End PBXTargetDependency section */

/* Begin PBXVariantGroup section */
		9197DB022307461A00E25F19 /* Interface.storyboard */ = {
			isa = PBXVariantGroup;
			children = (
				9197DB032307461A00E25F19 /* Base */,
			);
			name = Interface.storyboard;
			sourceTree = "<group>";
		};
/* End PBXVariantGroup section */

/* Begin XCBuildConfiguration section */
		9197DB1D2307461F00E25F19 /* Debug */ = {
			isa = XCBuildConfiguration;
			buildSettings = {
				ALWAYS_SEARCH_USER_PATHS = NO;
				CLANG_ANALYZER_NONNULL = YES;
				CLANG_ANALYZER_NUMBER_OBJECT_CONVERSION = YES_AGGRESSIVE;
				CLANG_CXX_LANGUAGE_STANDARD = "gnu++14";
				CLANG_CXX_LIBRARY = "libc++";
				CLANG_ENABLE_MODULES = YES;
				CLANG_ENABLE_OBJC_ARC = YES;
				CLANG_ENABLE_OBJC_WEAK = YES;
				CLANG_WARN_BLOCK_CAPTURE_AUTORELEASING = YES;
				CLANG_WARN_BOOL_CONVERSION = YES;
				CLANG_WARN_COMMA = YES;
				CLANG_WARN_CONSTANT_CONVERSION = YES;
				CLANG_WARN_DEPRECATED_OBJC_IMPLEMENTATIONS = YES;
				CLANG_WARN_DIRECT_OBJC_ISA_USAGE = YES_ERROR;
				CLANG_WARN_DOCUMENTATION_COMMENTS = YES;
				CLANG_WARN_EMPTY_BODY = YES;
				CLANG_WARN_ENUM_CONVERSION = YES;
				CLANG_WARN_INFINITE_RECURSION = YES;
				CLANG_WARN_INT_CONVERSION = YES;
				CLANG_WARN_NON_LITERAL_NULL_CONVERSION = YES;
				CLANG_WARN_OBJC_IMPLICIT_RETAIN_SELF = YES;
				CLANG_WARN_OBJC_LITERAL_CONVERSION = YES;
				CLANG_WARN_OBJC_ROOT_CLASS = YES_ERROR;
				CLANG_WARN_RANGE_LOOP_ANALYSIS = YES;
				CLANG_WARN_STRICT_PROTOTYPES = YES;
				CLANG_WARN_SUSPICIOUS_MOVE = YES;
				CLANG_WARN_UNGUARDED_AVAILABILITY = YES_AGGRESSIVE;
				CLANG_WARN_UNREACHABLE_CODE = YES;
				CLANG_WARN__DUPLICATE_METHOD_MATCH = YES;
				COPY_PHASE_STRIP = NO;
				DEBUG_INFORMATION_FORMAT = dwarf;
				ENABLE_STRICT_OBJC_MSGSEND = YES;
				ENABLE_TESTABILITY = YES;
				GCC_C_LANGUAGE_STANDARD = gnu11;
				GCC_DYNAMIC_NO_PIC = NO;
				GCC_NO_COMMON_BLOCKS = YES;
				GCC_OPTIMIZATION_LEVEL = 0;
				GCC_PREPROCESSOR_DEFINITIONS = (
					"DEBUG=1",
					"$(inherited)",
				);
				GCC_WARN_64_TO_32_BIT_CONVERSION = YES;
				GCC_WARN_ABOUT_RETURN_TYPE = YES_ERROR;
				GCC_WARN_UNDECLARED_SELECTOR = YES;
				GCC_WARN_UNINITIALIZED_AUTOS = YES_AGGRESSIVE;
				GCC_WARN_UNUSED_FUNCTION = YES;
				GCC_WARN_UNUSED_VARIABLE = YES;
				MTL_ENABLE_DEBUG_INFO = INCLUDE_SOURCE;
				MTL_FAST_MATH = YES;
				ONLY_ACTIVE_ARCH = YES;
				SDKROOT = iphoneos;
				SWIFT_ACTIVE_COMPILATION_CONDITIONS = DEBUG;
				SWIFT_OPTIMIZATION_LEVEL = "-Onone";
			};
			name = Debug;
		};
		9197DB1E2307461F00E25F19 /* Release */ = {
			isa = XCBuildConfiguration;
			buildSettings = {
				ALWAYS_SEARCH_USER_PATHS = NO;
				CLANG_ANALYZER_NONNULL = YES;
				CLANG_ANALYZER_NUMBER_OBJECT_CONVERSION = YES_AGGRESSIVE;
				CLANG_CXX_LANGUAGE_STANDARD = "gnu++14";
				CLANG_CXX_LIBRARY = "libc++";
				CLANG_ENABLE_MODULES = YES;
				CLANG_ENABLE_OBJC_ARC = YES;
				CLANG_ENABLE_OBJC_WEAK = YES;
				CLANG_WARN_BLOCK_CAPTURE_AUTORELEASING = YES;
				CLANG_WARN_BOOL_CONVERSION = YES;
				CLANG_WARN_COMMA = YES;
				CLANG_WARN_CONSTANT_CONVERSION = YES;
				CLANG_WARN_DEPRECATED_OBJC_IMPLEMENTATIONS = YES;
				CLANG_WARN_DIRECT_OBJC_ISA_USAGE = YES_ERROR;
				CLANG_WARN_DOCUMENTATION_COMMENTS = YES;
				CLANG_WARN_EMPTY_BODY = YES;
				CLANG_WARN_ENUM_CONVERSION = YES;
				CLANG_WARN_INFINITE_RECURSION = YES;
				CLANG_WARN_INT_CONVERSION = YES;
				CLANG_WARN_NON_LITERAL_NULL_CONVERSION = YES;
				CLANG_WARN_OBJC_IMPLICIT_RETAIN_SELF = YES;
				CLANG_WARN_OBJC_LITERAL_CONVERSION = YES;
				CLANG_WARN_OBJC_ROOT_CLASS = YES_ERROR;
				CLANG_WARN_RANGE_LOOP_ANALYSIS = YES;
				CLANG_WARN_STRICT_PROTOTYPES = YES;
				CLANG_WARN_SUSPICIOUS_MOVE = YES;
				CLANG_WARN_UNGUARDED_AVAILABILITY = YES_AGGRESSIVE;
				CLANG_WARN_UNREACHABLE_CODE = YES;
				CLANG_WARN__DUPLICATE_METHOD_MATCH = YES;
				COPY_PHASE_STRIP = NO;
				DEBUG_INFORMATION_FORMAT = "dwarf-with-dsym";
				ENABLE_NS_ASSERTIONS = NO;
				ENABLE_STRICT_OBJC_MSGSEND = YES;
				GCC_C_LANGUAGE_STANDARD = gnu11;
				GCC_NO_COMMON_BLOCKS = YES;
				GCC_WARN_64_TO_32_BIT_CONVERSION = YES;
				GCC_WARN_ABOUT_RETURN_TYPE = YES_ERROR;
				GCC_WARN_UNDECLARED_SELECTOR = YES;
				GCC_WARN_UNINITIALIZED_AUTOS = YES_AGGRESSIVE;
				GCC_WARN_UNUSED_FUNCTION = YES;
				GCC_WARN_UNUSED_VARIABLE = YES;
				MTL_ENABLE_DEBUG_INFO = NO;
				MTL_FAST_MATH = YES;
				SDKROOT = iphoneos;
				SWIFT_COMPILATION_MODE = wholemodule;
				SWIFT_OPTIMIZATION_LEVEL = "-O";
				VALIDATE_PRODUCT = YES;
			};
			name = Release;
		};
		9197DB202307461F00E25F19 /* Debug */ = {
			isa = XCBuildConfiguration;
			buildSettings = {
				ASSETCATALOG_COMPILER_COMPLICATION_NAME = Complication;
				CODE_SIGN_STYLE = Automatic;
				DEVELOPMENT_ASSET_PATHS = "\"CoordinatorCombined WatchKit Extension\"/Preview\\ Content";
				DEVELOPMENT_TEAM = 56DQ8B5T2R;
				ENABLE_PREVIEWS = YES;
				INFOPLIST_FILE = "CoordinatorCombined WatchKit Extension/Info.plist";
				LD_RUNPATH_SEARCH_PATHS = (
					"$(inherited)",
					"@executable_path/Frameworks",
					"@executable_path/../../Frameworks",
				);
				PRODUCT_BUNDLE_IDENTIFIER = codes.unnamedd.CoordinatorCombined.watchkitapp.watchkitextension;
				PRODUCT_NAME = "${TARGET_NAME}";
				SDKROOT = watchos;
				SKIP_INSTALL = YES;
				SWIFT_VERSION = 5.0;
				TARGETED_DEVICE_FAMILY = 4;
				WATCHOS_DEPLOYMENT_TARGET = 6.0;
			};
			name = Debug;
		};
		9197DB212307461F00E25F19 /* Release */ = {
			isa = XCBuildConfiguration;
			buildSettings = {
				ASSETCATALOG_COMPILER_COMPLICATION_NAME = Complication;
				CODE_SIGN_STYLE = Automatic;
				DEVELOPMENT_ASSET_PATHS = "\"CoordinatorCombined WatchKit Extension\"/Preview\\ Content";
				DEVELOPMENT_TEAM = 56DQ8B5T2R;
				ENABLE_PREVIEWS = YES;
				INFOPLIST_FILE = "CoordinatorCombined WatchKit Extension/Info.plist";
				LD_RUNPATH_SEARCH_PATHS = (
					"$(inherited)",
					"@executable_path/Frameworks",
					"@executable_path/../../Frameworks",
				);
				PRODUCT_BUNDLE_IDENTIFIER = codes.unnamedd.CoordinatorCombined.watchkitapp.watchkitextension;
				PRODUCT_NAME = "${TARGET_NAME}";
				SDKROOT = watchos;
				SKIP_INSTALL = YES;
				SWIFT_VERSION = 5.0;
				TARGETED_DEVICE_FAMILY = 4;
				WATCHOS_DEPLOYMENT_TARGET = 6.0;
			};
			name = Release;
		};
		9197DB242307461F00E25F19 /* Debug */ = {
			isa = XCBuildConfiguration;
			buildSettings = {
				ALWAYS_EMBED_SWIFT_STANDARD_LIBRARIES = YES;
				ASSETCATALOG_COMPILER_APPICON_NAME = AppIcon;
				CODE_SIGN_STYLE = Automatic;
				DEVELOPMENT_TEAM = 56DQ8B5T2R;
				IBSC_MODULE = CoordinatorCombined_WatchKit_Extension;
				INFOPLIST_FILE = "CoordinatorCombined WatchKit App/Info.plist";
				PRODUCT_BUNDLE_IDENTIFIER = codes.unnamedd.CoordinatorCombined.watchkitapp;
				PRODUCT_NAME = "$(TARGET_NAME)";
				SDKROOT = watchos;
				SKIP_INSTALL = YES;
				SWIFT_VERSION = 5.0;
				TARGETED_DEVICE_FAMILY = 4;
				WATCHOS_DEPLOYMENT_TARGET = 6.0;
			};
			name = Debug;
		};
		9197DB252307461F00E25F19 /* Release */ = {
			isa = XCBuildConfiguration;
			buildSettings = {
				ALWAYS_EMBED_SWIFT_STANDARD_LIBRARIES = YES;
				ASSETCATALOG_COMPILER_APPICON_NAME = AppIcon;
				CODE_SIGN_STYLE = Automatic;
				DEVELOPMENT_TEAM = 56DQ8B5T2R;
				IBSC_MODULE = CoordinatorCombined_WatchKit_Extension;
				INFOPLIST_FILE = "CoordinatorCombined WatchKit App/Info.plist";
				PRODUCT_BUNDLE_IDENTIFIER = codes.unnamedd.CoordinatorCombined.watchkitapp;
				PRODUCT_NAME = "$(TARGET_NAME)";
				SDKROOT = watchos;
				SKIP_INSTALL = YES;
				SWIFT_VERSION = 5.0;
				TARGETED_DEVICE_FAMILY = 4;
				WATCHOS_DEPLOYMENT_TARGET = 6.0;
			};
			name = Release;
		};
		9197DB282307461F00E25F19 /* Debug */ = {
			isa = XCBuildConfiguration;
			buildSettings = {
				CODE_SIGN_STYLE = Automatic;
				CURRENT_PROJECT_VERSION = 1;
				DEVELOPMENT_TEAM = 56DQ8B5T2R;
				MARKETING_VERSION = 1.0;
				PRODUCT_BUNDLE_IDENTIFIER = codes.unnamedd.CoordinatorCombined;
				PRODUCT_NAME = "$(TARGET_NAME)";
				SWIFT_VERSION = 5.0;
			};
			name = Debug;
		};
		9197DB292307461F00E25F19 /* Release */ = {
			isa = XCBuildConfiguration;
			buildSettings = {
				CODE_SIGN_STYLE = Automatic;
				CURRENT_PROJECT_VERSION = 1;
				DEVELOPMENT_TEAM = 56DQ8B5T2R;
				MARKETING_VERSION = 1.0;
				PRODUCT_BUNDLE_IDENTIFIER = codes.unnamedd.CoordinatorCombined;
				PRODUCT_NAME = "$(TARGET_NAME)";
				SWIFT_VERSION = 5.0;
			};
			name = Release;
		};
/* End XCBuildConfiguration section */

/* Begin XCConfigurationList section */
		9197DAF62307461A00E25F19 /* Build configuration list for PBXProject "CoordinatorCombined" */ = {
			isa = XCConfigurationList;
			buildConfigurations = (
				9197DB1D2307461F00E25F19 /* Debug */,
				9197DB1E2307461F00E25F19 /* Release */,
			);
			defaultConfigurationIsVisible = 0;
			defaultConfigurationName = Release;
		};
		9197DB1F2307461F00E25F19 /* Build configuration list for PBXNativeTarget "CoordinatorCombined WatchKit Extension" */ = {
			isa = XCConfigurationList;
			buildConfigurations = (
				9197DB202307461F00E25F19 /* Debug */,
				9197DB212307461F00E25F19 /* Release */,
			);
			defaultConfigurationIsVisible = 0;
			defaultConfigurationName = Release;
		};
		9197DB232307461F00E25F19 /* Build configuration list for PBXNativeTarget "CoordinatorCombined WatchKit App" */ = {
			isa = XCConfigurationList;
			buildConfigurations = (
				9197DB242307461F00E25F19 /* Debug */,
				9197DB252307461F00E25F19 /* Release */,
			);
			defaultConfigurationIsVisible = 0;
			defaultConfigurationName = Release;
		};
		9197DB272307461F00E25F19 /* Build configuration list for PBXNativeTarget "CoordinatorCombined" */ = {
			isa = XCConfigurationList;
			buildConfigurations = (
				9197DB282307461F00E25F19 /* Debug */,
				9197DB292307461F00E25F19 /* Release */,
			);
			defaultConfigurationIsVisible = 0;
			defaultConfigurationName = Release;
		};
/* End XCConfigurationList section */
	};
	rootObject = 9197DAF32307461A00E25F19 /* Project object */;
}
